
Microsoft Visual Studio Solution File, Format Version 12.00
# Visual Studio Version 17
VisualStudioVersion = 17.2.32602.215
MinimumVisualStudioVersion = 10.0.40219.1
Project("{FAE04EC0-301F-11D3-BF4B-00C04F79EFBC}") = "palindromo", "palindromo\palindromo.csproj", "{20F0A048-BA60-4920-BCB9-4D96AF04E4D6}"
EndProject
Global
	GlobalSection(SolutionConfigurationPlatforms) = preSolution
		Debug|Any CPU = Debug|Any CPU
		Release|Any CPU = Release|Any CPU
	EndGlobalSection
	GlobalSection(ProjectConfigurationPlatforms) = postSolution
		{20F0A048-BA60-4920-BCB9-4D96AF04E4D6}.Debug|Any CPU.ActiveCfg = Debug|Any CPU
		{20F0A048-BA60-4920-BCB9-4D96AF04E4D6}.Debug|Any CPU.Build.0 = Debug|Any CPU
		{20F0A048-BA60-4920-BCB9-4D96AF04E4D6}.Release|Any CPU.ActiveCfg = Release|Any CPU
		{20F0A048-BA60-4920-BCB9-4D96AF04E4D6}.Release|Any CPU.Build.0 = Release|Any CPU
	EndGlobalSection
	GlobalSection(SolutionProperties) = preSolution
		HideSolutionNode = FALSE
	EndGlobalSection
	GlobalSection(ExtensibilityGlobals) = postSolution
		SolutionGuid = {FE9A4DE3-B041-45B2-A466-02A0B1375849}
	EndGlobalSection
EndGlobal
